
Microsoft Visual Studio Solution File, Format Version 12.00
# Visual Studio Version 17
VisualStudioVersion = 17.4.33213.308
MinimumVisualStudioVersion = 10.0.40219.1
Project("{FAE04EC0-301F-11D3-BF4B-00C04F79EFBC}") = "9CHeadlessMonitoringAndLauncher", "9CHeadlessMonitoringAndLauncher.csproj", "{3A7331FE-D43D-4552-B129-CCB48B8FDE29}"
EndProject
Global
	GlobalSection(SolutionConfigurationPlatforms) = preSolution
		Debug|Any CPU = Debug|Any CPU
		Release|Any CPU = Release|Any CPU
	EndGlobalSection
	GlobalSection(ProjectConfigurationPlatforms) = postSolution
		{3A7331FE-D43D-4552-B129-CCB48B8FDE29}.Debug|Any CPU.ActiveCfg = Debug|Any CPU
		{3A7331FE-D43D-4552-B129-CCB48B8FDE29}.Debug|Any CPU.Build.0 = Debug|Any CPU
		{3A7331FE-D43D-4552-B129-CCB48B8FDE29}.Release|Any CPU.ActiveCfg = Release|Any CPU
		{3A7331FE-D43D-4552-B129-CCB48B8FDE29}.Release|Any CPU.Build.0 = Release|Any CPU
	EndGlobalSection
	GlobalSection(SolutionProperties) = preSolution
		HideSolutionNode = FALSE
	EndGlobalSection
	GlobalSection(ExtensibilityGlobals) = postSolution
		SolutionGuid = {D654895D-AF48-47EF-9C39-64B8CBE430A1}
	EndGlobalSection
EndGlobal
